{
  "name": "tinkerdesk-providers",
  "version": "1.0.0",
  "lockfileVersion": 3,
  "requires": true,
  "packages": {
    "": {
      "name": "tinkerdesk-providers",
      "version": "1.0.0",
      "license": "MIT",
      "workspaces": [
        "packages/*"
      ]
    },
    "node_modules/node-cpal": {
      "version": "0.1.1",
      "resolved": "https://registry.npmjs.org/node-cpal/-/node-cpal-0.1.1.tgz",
      "integrity": "sha512-ENjac9jLGqp6hb+zn2ioPEhKCN+ctDlP4omP52cNukFrerD2olXUQjfLFoRXeZRVuBrT44chDgcPEpnckQmUVw==",
      "cpu": [
        "x64",
        "arm64"
      ],
      "license": "ISC",
      "os": [
        "darwin",
        "linux",
        "win32"
      ],
      "engines": {
        "node": ">=14.0.0"
      }
    },
    "node_modules/sherpa-onnx-darwin-arm64": {
      "version": "1.13.6",
      "resolved": "https://registry.npmjs.org/sherpa-onnx-darwin-arm64/-/sherpa-onnx-darwin-arm64-1.13.6.tgz",
      "integrity": "sha512-m3QMOGUHVPUl7bAOPc7oJtmzOVdzQVQPsCuTjNuQ2N6zlYuXDZu9NdUR3Er3rxbhHa6SmWa94flUwmUsO1atow==",
      "cpu": [
        "arm64"
      ],
      "license": "Apache-2.0",
      "optional": true,
      "os": [
        "darwin"
      ]
    },
    "node_modules/sherpa-onnx-darwin-x64": {
      "version": "1.13.6",
      "resolved": "https://registry.npmjs.org/sherpa-onnx-darwin-x64/-/sherpa-onnx-darwin-x64-1.13.6.tgz",
      "integrity": "sha512-3X5FQ9PpwlBmxLqtb2/uvl7/W2HXXzXHT0MLmB9c0TRMANLujzvIF7YbT6VW3k92ClL/1q9sbIOul0rHgxCTmw==",
      "cpu": [
        "x64"
      ],
      "license": "Apache-2.0",
      "optional": true,
      "os": [
        "darwin"
      ]
    },
    "node_modules/sherpa-onnx-linux-arm64": {
      "version": "1.13.6",
      "resolved": "https://registry.npmjs.org/sherpa-onnx-linux-arm64/-/sherpa-onnx-linux-arm64-1.13.6.tgz",
      "integrity": "sha512-xSzhqrGFbBrykpbEFt5dLXB3Sp3a8idNzjhf92uylDgUhupBSRHj3ISeYaL9ZZWTNSzszNXBKlM+xH36dHQjPg==",
      "cpu": [
        "arm64"
      ],
      "license": "Apache-2.0",
      "optional": true,
      "os": [
        "linux"
      ]
    },
    "node_modules/sherpa-onnx-linux-x64": {
      "version": "1.13.6",
      "resolved": "https://registry.npmjs.org/sherpa-onnx-linux-x64/-/sherpa-onnx-linux-x64-1.13.6.tgz",
      "integrity": "sha512-HiR3yolQDl3WoU1zSXn8L0MSXzF9PXLQpMv+Ptozg1y/DJU8HuvoXBasOarX4cer5d9kGimnOUGm0dl47PCN1A==",
      "cpu": [
        "x64"
      ],
      "license": "Apache-2.0",
      "optional": true,
      "os": [
        "linux"
      ]
    },
    "node_modules/sherpa-onnx-node": {
      "version": "1.13.4",
      "resolved": "https://registry.npmjs.org/sherpa-onnx-node/-/sherpa-onnx-node-1.13.4.tgz",
      "integrity": "sha512-jHWWdY9f0dbvJpdsfR/C4WNhM57+jT9Os2RyC4/qUz8HKCtj2VYFmJ9s7tue9OCFRAmdoGBkgkqD6aBZ3I8BKw==",
      "license": "Apache-2.0",
      "optionalDependencies": {
        "sherpa-onnx-darwin-arm64": "^1.13.4",
        "sherpa-onnx-darwin-x64": "^1.13.4",
        "sherpa-onnx-linux-arm64": "^1.13.4",
        "sherpa-onnx-linux-x64": "^1.13.4",
        "sherpa-onnx-win-ia32": "^1.13.4",
        "sherpa-onnx-win-x64": "^1.13.4"
      }
    },
    "node_modules/sherpa-onnx-win-ia32": {
      "version": "1.13.6",
      "resolved": "https://registry.npmjs.org/sherpa-onnx-win-ia32/-/sherpa-onnx-win-ia32-1.13.6.tgz",
      "integrity": "sha512-CN6rNQqn0wzdSp3XRHxdmNaLUMhP+BgsWVbaASU+V9CYBdx74uutoA/43ThUfh3S3CiArpp8OJtn8dJrPeGHnw==",
      "cpu": [
        "ia32"
      ],
      "license": "Apache-2.0",
      "optional": true,
      "os": [
        "win32"
      ]
    },
    "node_modules/sherpa-onnx-win-x64": {
      "version": "1.13.6",
      "resolved": "https://registry.npmjs.org/sherpa-onnx-win-x64/-/sherpa-onnx-win-x64-1.13.6.tgz",
      "integrity": "sha512-bPMdURD1XCu1Zr3eYYlYx2obc5CMSQhEnd1GQuv7FXjdyOeMJ8jNbQEKFEIAyQdC481FgZvPBb2oSJXaLOOeVw==",
      "cpu": [
        "x64"
      ],
      "license": "Apache-2.0",
      "optional": true,
      "os": [
        "win32"
      ]
    },
    "node_modules/tinkerdesk-provider-speech-index-tts": {
      "resolved": "packages/index-tts2",
      "link": true
    },
    "node_modules/tinkerdesk-provider-speech-omni-voice": {
      "resolved": "packages/speech-omni-voice",
      "link": true
    },
    "node_modules/tinkerdesk-provider-speech-sherpa": {
      "resolved": "packages/speech-sherpa",
      "link": true
    },
    "node_modules/tinkerdesk-provider-stt-whisper": {
      "resolved": "packages/stt-whisper",
      "link": true
    },
    "node_modules/typescript": {
      "version": "5.9.3",
      "resolved": "https://registry.npmjs.org/typescript/-/typescript-5.9.3.tgz",
      "integrity": "sha512-jl1vZzPDinLr9eUt3J/t7V6FgNEw9QjvBPdysz9KfQDD41fQrC2Y4vKQdiaUpFT4bXlb1RHhLpp8wtm6M5TgSw==",
      "dev": true,
      "license": "Apache-2.0",
      "bin": {
        "tsc": "bin/tsc",
        "tsserver": "bin/tsserver"
      },
      "engines": {
        "node": ">=14.17"
      }
    },
    "packages/index-tts2": {
      "name": "tinkerdesk-provider-speech-index-tts",
      "version": "0.1.3"
    },
    "packages/speech-omni-voice": {
      "name": "tinkerdesk-provider-speech-omni-voice",
      "version": "0.1.3"
    },
    "packages/speech-sherpa": {
      "name": "tinkerdesk-provider-speech-sherpa",
      "version": "0.1.2",
      "dependencies": {
        "node-cpal": "0.1.1",
        "sherpa-onnx-node": "1.13.4"
      }
    },
    "packages/stt-whisper": {
      "name": "tinkerdesk-provider-stt-whisper",
      "version": "0.1.5",
      "devDependencies": {
        "typescript": "^5.5.0"
      }
    }
  }
}
